// !$*UTF8*$!
{
	archiveVersion = 1;
	classes = {
	};
	objectVersion = 54;
	objects = {

/* Begin PBXBuildFile section */
		7393DF862EE9AA94009B68C3 /* IOSSocialMediaApp.swift in Sources */ = {isa = PBXBuildFile; fileRef = 7393DF852EE9AA94009B68C3 /* IOSSocialMediaApp.swift */; };
		7393DF882EE9AA94009B68C3 /* ContentView.swift in Sources */ = {isa = PBXBuildFile; fileRef = 7393DF872EE9AA94009B68C3 /* ContentView.swift */; };
		7393DF8A2EE9AA96009B68C3 /* Assets.xcassets in Resources */ = {isa = PBXBuildFile; fileRef = 7393DF892EE9AA96009B68C3 /* Assets.xcassets */; };
		7393DF8D2EE9AA96009B68C3 /* Preview Assets.xcassets in Resources */ = {isa = PBXBuildFile; fileRef = 7393DF8C2EE9AA96009B68C3 /* Preview Assets.xcassets */; };
		7393DF972EE9AA96009B68C3 /* IOSSocialMediaTests.swift in Sources */ = {isa = PBXBuildFile; fileRef = 7393DF962EE9AA96009B68C3 /* IOSSocialMediaTests.swift */; };
		7393DFA12EE9AA97009B68C3 /* IOSSocialMediaUITests.swift in Sources */ = {isa = PBXBuildFile; fileRef = 7393DFA02EE9AA97009B68C3 /* IOSSocialMediaUITests.swift */; };
		7393DFA32EE9AA97009B68C3 /* IOSSocialMediaUITestsLaunchTests.swift in Sources */ = {isa = PBXBuildFile; fileRef = 7393DFA22EE9AA97009B68C3 /* IOSSocialMediaUITestsLaunchTests.swift */; };
		A00C2A262EED1034003AF12D /* .gitignore in Resources */ = {isa = PBXBuildFile; fileRef = A00C2A252EED1034003AF12D /* .gitignore */; };
		A02E99B72EF0313E00679C03 /* User.swift in Sources */ = {isa = PBXBuildFile; fileRef = A02E99B62EF0313E00679C03 /* User.swift */; };
		EA21A5BC2EE9B50800D83464 /* AuthViewModel.swift in Sources */ = {isa = PBXBuildFile; fileRef = EA21A5B82EE9B50800D83464 /* AuthViewModel.swift */; };
		EA21A5BD2EE9B50800D83464 /* ImagePicker.swift in Sources */ = {isa = PBXBuildFile; fileRef = EA21A5BA2EE9B50800D83464 /* ImagePicker.swift */; };
		EA21A5BE2EE9B50800D83464 /* ChatModels.swift in Sources */ = {isa = PBXBuildFile; fileRef = EA21A5B92EE9B50800D83464 /* ChatModels.swift */; };
		EA21A5D12EE9B51600D83464 /* HomeView.swift in Sources */ = {isa = PBXBuildFile; fileRef = EA21A5C12EE9B51600D83464 /* HomeView.swift */; };
		EA21A5D22EE9B51600D83464 /* ProfileView.swift in Sources */ = {isa = PBXBuildFile; fileRef = EA21A5CC2EE9B51600D83464 /* ProfileView.swift */; };
		EA21A5D42EE9B51600D83464 /* ProfileLoggedInView.swift in Sources */ = {isa = PBXBuildFile; fileRef = EA21A5CA2EE9B51600D83464 /* ProfileLoggedInView.swift */; };
		EA21A5D52EE9B51600D83464 /* MessagesListView.swift in Sources */ = {isa = PBXBuildFile; fileRef = EA21A5C72EE9B51600D83464 /* MessagesListView.swift */; };
		EA21A5D62EE9B51600D83464 /* ProfileLoggedOutView.swift in Sources */ = {isa = PBXBuildFile; fileRef = EA21A5CB2EE9B51600D83464 /* ProfileLoggedOutView.swift */; };
		EA21A5D72EE9B51600D83464 /* ChatView.swift in Sources */ = {isa = PBXBuildFile; fileRef = EA21A5C62EE9B51600D83464 /* ChatView.swift */; };
		EA21A5D82EE9B51600D83464 /* LoginView.swift in Sources */ = {isa = PBXBuildFile; fileRef = EA21A5C92EE9B51600D83464 /* LoginView.swift */; };
		EA21A5D92EE9B51600D83464 /* CreateView.swift in Sources */ = {isa = PBXBuildFile; fileRef = EA21A5BF2EE9B51600D83464 /* CreateView.swift */; };
		EA21A5DA2EE9B51600D83464 /* RegisterView.swift in Sources */ = {isa = PBXBuildFile; fileRef = EA21A5CD2EE9B51600D83464 /* RegisterView.swift */; };
		EA21A5DB2EE9B51600D83464 /* ChatBubble.swift in Sources */ = {isa = PBXBuildFile; fileRef = EA21A5C52EE9B51600D83464 /* ChatBubble.swift */; };
		EA21A5DE2EE9B91900D83464 /* MainTabView.swift in Sources */ = {isa = PBXBuildFile; fileRef = EA21A5DD2EE9B91500D83464 /* MainTabView.swift */; };
		EA609BA22EEC3CFB00552803 /* FirebaseAuth in Frameworks */ = {isa = PBXBuildFile; productRef = EA609BA12EEC3CFB00552803 /* FirebaseAuth */; };
		EA609BA42EEC3CFB00552803 /* FirebaseAuthCombine-Community in Frameworks */ = {isa = PBXBuildFile; productRef = EA609BA32EEC3CFB00552803 /* FirebaseAuthCombine-Community */; };
		EA609BA62EEC3CFB00552803 /* FirebaseDatabase in Frameworks */ = {isa = PBXBuildFile; productRef = EA609BA52EEC3CFB00552803 /* FirebaseDatabase */; };
		EA609BA82EEC3CFB00552803 /* FirebaseDatabaseSwift in Frameworks */ = {isa = PBXBuildFile; productRef = EA609BA72EEC3CFB00552803 /* FirebaseDatabaseSwift */; };
		EA609BAA2EEC3CFB00552803 /* FirebaseFirestore in Frameworks */ = {isa = PBXBuildFile; productRef = EA609BA92EEC3CFB00552803 /* FirebaseFirestore */; };
		EA609BAC2EEC3CFB00552803 /* FirebaseFirestoreCombine-Community in Frameworks */ = {isa = PBXBuildFile; productRef = EA609BAB2EEC3CFB00552803 /* FirebaseFirestoreCombine-Community */; };
		EA609BAE2EEC3CFB00552803 /* FirebaseFirestoreSwift in Frameworks */ = {isa = PBXBuildFile; productRef = EA609BAD2EEC3CFB00552803 /* FirebaseFirestoreSwift */; };
		EA609BB02EEC3CFB00552803 /* FirebaseFunctions in Frameworks */ = {isa = PBXBuildFile; productRef = EA609BAF2EEC3CFB00552803 /* FirebaseFunctions */; };
		EA609BB22EEC3CFB00552803 /* FirebaseFunctionsCombine-Community in Frameworks */ = {isa = PBXBuildFile; productRef = EA609BB12EEC3CFB00552803 /* FirebaseFunctionsCombine-Community */; };
		EA609BB42EEC3CFB00552803 /* FirebaseMessaging in Frameworks */ = {isa = PBXBuildFile; productRef = EA609BB32EEC3CFB00552803 /* FirebaseMessaging */; };
		EA609BB62EEC3CFB00552803 /* FirebasePerformance in Frameworks */ = {isa = PBXBuildFile; productRef = EA609BB52EEC3CFB00552803 /* FirebasePerformance */; };
		EA609BB82EEC3CFB00552803 /* FirebaseStorage in Frameworks */ = {isa = PBXBuildFile; productRef = EA609BB72EEC3CFB00552803 /* FirebaseStorage */; };
		EA609BBA2EEC3CFB00552803 /* FirebaseStorageCombine-Community in Frameworks */ = {isa = PBXBuildFile; productRef = EA609BB92EEC3CFB00552803 /* FirebaseStorageCombine-Community */; };
		EA9C86212EEC6A6200446181 /* TodoViewModel.swift in Sources */ = {isa = PBXBuildFile; fileRef = EA9C86202EEC6A6200446181 /* TodoViewModel.swift */; };
		EAA51B252EEAC15900296924 /* TodoItem.swift in Sources */ = {isa = PBXBuildFile; fileRef = EAA51B242EEAC15900296924 /* TodoItem.swift */; };
		EAA51B2B2EEAC22800296924 /* ContentViewFireBase.swift in Sources */ = {isa = PBXBuildFile; fileRef = EAA51B2A2EEAC22000296924 /* ContentViewFireBase.swift */; };
		EAB7C2582EEA69B700BF5D4A /* GoogleService-Info.plist in Resources */ = {isa = PBXBuildFile; fileRef = EAB7C2572EEA69B700BF5D4A /* GoogleService-Info.plist */; };
		EAE898982EEEE49800C0C6AD /* PostService.swift in Sources */ = {isa = PBXBuildFile; fileRef = EAE898972EEEE49800C0C6AD /* PostService.swift */; };
		EAE8989E2EEEEB0B00C0C6AD /* FireBaseModel.swift in Sources */ = {isa = PBXBuildFile; fileRef = EAE8989D2EEEEB0B00C0C6AD /* FireBaseModel.swift */; };
/* End PBXBuildFile section */

/* Begin PBXContainerItemProxy section */
		7393DF932EE9AA96009B68C3 /* PBXContainerItemProxy */ = {
			isa = PBXContainerItemProxy;
			containerPortal = 7393DF7A2EE9AA94009B68C3 /* Project object */;
			proxyType = 1;
			remoteGlobalIDString = 7393DF812EE9AA94009B68C3;
			remoteInfo = IOSSocialMedia;
		};
		7393DF9D2EE9AA97009B68C3 /* PBXContainerItemProxy */ = {
			isa = PBXContainerItemProxy;
			containerPortal = 7393DF7A2EE9AA94009B68C3 /* Project object */;
			proxyType = 1;
			remoteGlobalIDString = 7393DF812EE9AA94009B68C3;
			remoteInfo = IOSSocialMedia;
		};
/* End PBXContainerItemProxy section */

/* Begin PBXFileReference section */
		7393DF822EE9AA94009B68C3 /* IOSSocialMedia.app */ = {isa = PBXFileReference; explicitFileType = wrapper.application; includeInIndex = 0; path = IOSSocialMedia.app; sourceTree = BUILT_PRODUCTS_DIR; };
		7393DF852EE9AA94009B68C3 /* IOSSocialMediaApp.swift */ = {isa = PBXFileReference; lastKnownFileType = sourcecode.swift; path = IOSSocialMediaApp.swift; sourceTree = "<group>"; };
		7393DF872EE9AA94009B68C3 /* ContentView.swift */ = {isa = PBXFileReference; lastKnownFileType = sourcecode.swift; path = ContentView.swift; sourceTree = "<group>"; };
		7393DF892EE9AA96009B68C3 /* Assets.xcassets */ = {isa = PBXFileReference; lastKnownFileType = folder.assetcatalog; path = Assets.xcassets; sourceTree = "<group>"; };
		7393DF8C2EE9AA96009B68C3 /* Preview Assets.xcassets */ = {isa = PBXFileReference; lastKnownFileType = folder.assetcatalog; path = "Preview Assets.xcassets"; sourceTree = "<group>"; };
		7393DF922EE9AA96009B68C3 /* IOSSocialMediaTests.xctest */ = {isa = PBXFileReference; explicitFileType = wrapper.cfbundle; includeInIndex = 0; path = IOSSocialMediaTests.xctest; sourceTree = BUILT_PRODUCTS_DIR; };
		7393DF962EE9AA96009B68C3 /* IOSSocialMediaTests.swift */ = {isa = PBXFileReference; lastKnownFileType = sourcecode.swift; path = IOSSocialMediaTests.swift; sourceTree = "<group>"; };
		7393DF9C2EE9AA97009B68C3 /* IOSSocialMediaUITests.xctest */ = {isa = PBXFileReference; explicitFileType = wrapper.cfbundle; includeInIndex = 0; path = IOSSocialMediaUITests.xctest; sourceTree = BUILT_PRODUCTS_DIR; };
		7393DFA02EE9AA97009B68C3 /* IOSSocialMediaUITests.swift */ = {isa = PBXFileReference; lastKnownFileType = sourcecode.swift; path = IOSSocialMediaUITests.swift; sourceTree = "<group>"; };
		7393DFA22EE9AA97009B68C3 /* IOSSocialMediaUITestsLaunchTests.swift */ = {isa = PBXFileReference; lastKnownFileType = sourcecode.swift; path = IOSSocialMediaUITestsLaunchTests.swift; sourceTree = "<group>"; };
		A00C2A252EED1034003AF12D /* .gitignore */ = {isa = PBXFileReference; lastKnownFileType = text; path = .gitignore; sourceTree = "<group>"; };
		A02E99B62EF0313E00679C03 /* User.swift */ = {isa = PBXFileReference; lastKnownFileType = sourcecode.swift; path = User.swift; sourceTree = "<group>"; };
		EA21A5B82EE9B50800D83464 /* AuthViewModel.swift */ = {isa = PBXFileReference; lastKnownFileType = sourcecode.swift; path = AuthViewModel.swift; sourceTree = "<group>"; };
		EA21A5B92EE9B50800D83464 /* ChatModels.swift */ = {isa = PBXFileReference; lastKnownFileType = sourcecode.swift; path = ChatModels.swift; sourceTree = "<group>"; };
		EA21A5BA2EE9B50800D83464 /* ImagePicker.swift */ = {isa = PBXFileReference; lastKnownFileType = sourcecode.swift; path = ImagePicker.swift; sourceTree = "<group>"; };
		EA21A5BF2EE9B51600D83464 /* CreateView.swift */ = {isa = PBXFileReference; lastKnownFileType = sourcecode.swift; path = CreateView.swift; sourceTree = "<group>"; };
		EA21A5C12EE9B51600D83464 /* HomeView.swift */ = {isa = PBXFileReference; lastKnownFileType = sourcecode.swift; path = HomeView.swift; sourceTree = "<group>"; };
		EA21A5C52EE9B51600D83464 /* ChatBubble.swift */ = {isa = PBXFileReference; lastKnownFileType = sourcecode.swift; path = ChatBubble.swift; sourceTree = "<group>"; };
		EA21A5C62EE9B51600D83464 /* ChatView.swift */ = {isa = PBXFileReference; lastKnownFileType = sourcecode.swift; path = ChatView.swift; sourceTree = "<group>"; };
		EA21A5C72EE9B51600D83464 /* MessagesListView.swift */ = {isa = PBXFileReference; lastKnownFileType = sourcecode.swift; path = MessagesListView.swift; sourceTree = "<group>"; };
		EA21A5C92EE9B51600D83464 /* LoginView.swift */ = {isa = PBXFileReference; lastKnownFileType = sourcecode.swift; path = LoginView.swift; sourceTree = "<group>"; };
		EA21A5CA2EE9B51600D83464 /* ProfileLoggedInView.swift */ = {isa = PBXFileReference; lastKnownFileType = sourcecode.swift; path = ProfileLoggedInView.swift; sourceTree = "<group>"; };
		EA21A5CB2EE9B51600D83464 /* ProfileLoggedOutView.swift */ = {isa = PBXFileReference; lastKnownFileType = sourcecode.swift; path = ProfileLoggedOutView.swift; sourceTree = "<group>"; };
		EA21A5CC2EE9B51600D83464 /* ProfileView.swift */ = {isa = PBXFileReference; lastKnownFileType = sourcecode.swift; path = ProfileView.swift; sourceTree = "<group>"; };
		EA21A5CD2EE9B51600D83464 /* RegisterView.swift */ = {isa = PBXFileReference; lastKnownFileType = sourcecode.swift; path = RegisterView.swift; sourceTree = "<group>"; };
		EA21A5DD2EE9B91500D83464 /* MainTabView.swift */ = {isa = PBXFileReference; lastKnownFileType = sourcecode.swift; path = MainTabView.swift; sourceTree = "<group>"; };
		EA9C86202EEC6A6200446181 /* TodoViewModel.swift */ = {isa = PBXFileReference; fileEncoding = 4; lastKnownFileType = sourcecode.swift; path = TodoViewModel.swift; sourceTree = "<group>"; };
		EAA51B242EEAC15900296924 /* TodoItem.swift */ = {isa = PBXFileReference; lastKnownFileType = sourcecode.swift; path = TodoItem.swift; sourceTree = "<group>"; };
		EAA51B2A2EEAC22000296924 /* ContentViewFireBase.swift */ = {isa = PBXFileReference; lastKnownFileType = sourcecode.swift; path = ContentViewFireBase.swift; sourceTree = "<group>"; };
		EAB7C2572EEA69B700BF5D4A /* GoogleService-Info.plist */ = {isa = PBXFileReference; lastKnownFileType = text.plist.xml; path = "GoogleService-Info.plist"; sourceTree = "<group>"; };
		EAE898972EEEE49800C0C6AD /* PostService.swift */ = {isa = PBXFileReference; lastKnownFileType = sourcecode.swift; path = PostService.swift; sourceTree = "<group>"; };
		EAE8989D2EEEEB0B00C0C6AD /* FireBaseModel.swift */ = {isa = PBXFileReference; lastKnownFileType = sourcecode.swift; path = FireBaseModel.swift; sourceTree = "<group>"; };
/* End PBXFileReference section */

/* Begin PBXFrameworksBuildPhase section */
		7393DF7F2EE9AA94009B68C3 /* Frameworks */ = {
			isa = PBXFrameworksBuildPhase;
			buildActionMask = 2147483647;
			files = (
				EA609BB62EEC3CFB00552803 /* FirebasePerformance in Frameworks */,
				EA609BA82EEC3CFB00552803 /* FirebaseDatabaseSwift in Frameworks */,
				EA609BA62EEC3CFB00552803 /* FirebaseDatabase in Frameworks */,
				EA609BBA2EEC3CFB00552803 /* FirebaseStorageCombine-Community in Frameworks */,
				EA609BB42EEC3CFB00552803 /* FirebaseMessaging in Frameworks */,
				EA609BB22EEC3CFB00552803 /* FirebaseFunctionsCombine-Community in Frameworks */,
				EA609BB82EEC3CFB00552803 /* FirebaseStorage in Frameworks */,
				EA609BA22EEC3CFB00552803 /* FirebaseAuth in Frameworks */,
				EA609BB02EEC3CFB00552803 /* FirebaseFunctions in Frameworks */,
				EA609BAE2EEC3CFB00552803 /* FirebaseFirestoreSwift in Frameworks */,
				EA609BAC2EEC3CFB00552803 /* FirebaseFirestoreCombine-Community in Frameworks */,
				EA609BAA2EEC3CFB00552803 /* FirebaseFirestore in Frameworks */,
				EA609BA42EEC3CFB00552803 /* FirebaseAuthCombine-Community in Frameworks */,
			);
			runOnlyForDeploymentPostprocessing = 0;
		};
		7393DF8F2EE9AA96009B68C3 /* Frameworks */ = {
			isa = PBXFrameworksBuildPhase;
			buildActionMask = 2147483647;
			files = (
			);
			runOnlyForDeploymentPostprocessing = 0;
		};
		7393DF992EE9AA97009B68C3 /* Frameworks */ = {
			isa = PBXFrameworksBuildPhase;
			buildActionMask = 2147483647;
			files = (
			);
			runOnlyForDeploymentPostprocessing = 0;
		};
/* End PBXFrameworksBuildPhase section */

/* Begin PBXGroup section */
		7393DF792EE9AA94009B68C3 = {
			isa = PBXGroup;
			children = (
				A00C2A252EED1034003AF12D /* .gitignore */,
				7393DF842EE9AA94009B68C3 /* IOSSocialMedia */,
				7393DF952EE9AA96009B68C3 /* IOSSocialMediaTests */,
				7393DF9F2EE9AA97009B68C3 /* IOSSocialMediaUITests */,
				7393DF832EE9AA94009B68C3 /* Products */,
			);
			sourceTree = "<group>";
		};
		7393DF832EE9AA94009B68C3 /* Products */ = {
			isa = PBXGroup;
			children = (
				7393DF822EE9AA94009B68C3 /* IOSSocialMedia.app */,
				7393DF922EE9AA96009B68C3 /* IOSSocialMediaTests.xctest */,
				7393DF9C2EE9AA97009B68C3 /* IOSSocialMediaUITests.xctest */,
			);
			name = Products;
			sourceTree = "<group>";
		};
		7393DF842EE9AA94009B68C3 /* IOSSocialMedia */ = {
			isa = PBXGroup;
			children = (
				EAE898942EEEE44A00C0C6AD /* Service */,
				EAA51B262EEAC1EC00296924 /* ViewModel */,
				EA21A5D02EE9B51600D83464 /* Views */,
				EA21A5BB2EE9B50800D83464 /* Model */,
				7393DF852EE9AA94009B68C3 /* IOSSocialMediaApp.swift */,
				7393DF872EE9AA94009B68C3 /* ContentView.swift */,
				EA21A5DD2EE9B91500D83464 /* MainTabView.swift */,
				7393DF892EE9AA96009B68C3 /* Assets.xcassets */,
				EAB7C2572EEA69B700BF5D4A /* GoogleService-Info.plist */,
				7393DF8B2EE9AA96009B68C3 /* Preview Content */,
			);
			path = IOSSocialMedia;
			sourceTree = "<group>";
		};
		7393DF8B2EE9AA96009B68C3 /* Preview Content */ = {
			isa = PBXGroup;
			children = (
				7393DF8C2EE9AA96009B68C3 /* Preview Assets.xcassets */,
			);
			path = "Preview Content";
			sourceTree = "<group>";
		};
		7393DF952EE9AA96009B68C3 /* IOSSocialMediaTests */ = {
			isa = PBXGroup;
			children = (
				7393DF962EE9AA96009B68C3 /* IOSSocialMediaTests.swift */,
			);
			path = IOSSocialMediaTests;
			sourceTree = "<group>";
		};
		7393DF9F2EE9AA97009B68C3 /* IOSSocialMediaUITests */ = {
			isa = PBXGroup;
			children = (
				7393DFA02EE9AA97009B68C3 /* IOSSocialMediaUITests.swift */,
				7393DFA22EE9AA97009B68C3 /* IOSSocialMediaUITestsLaunchTests.swift */,
			);
			path = IOSSocialMediaUITests;
			sourceTree = "<group>";
		};
		EA21A5BB2EE9B50800D83464 /* Model */ = {
			isa = PBXGroup;
			children = (
				EAA51B242EEAC15900296924 /* TodoItem.swift */,
				EA21A5B92EE9B50800D83464 /* ChatModels.swift */,
				EA21A5BA2EE9B50800D83464 /* ImagePicker.swift */,
				A02E99B62EF0313E00679C03 /* User.swift */,
				EAE8989D2EEEEB0B00C0C6AD /* FireBaseModel.swift */,
			);
			path = Model;
			sourceTree = "<group>";
		};
		EA21A5C02EE9B51600D83464 /* Creates */ = {
			isa = PBXGroup;
			children = (
				EA21A5BF2EE9B51600D83464 /* CreateView.swift */,
			);
			path = Creates;
			sourceTree = "<group>";
		};
		EA21A5C42EE9B51600D83464 /* Main */ = {
			isa = PBXGroup;
			children = (
				EA21A5C12EE9B51600D83464 /* HomeView.swift */,
			);
			path = Main;
			sourceTree = "<group>";
		};
		EA21A5C82EE9B51600D83464 /* Messages */ = {
			isa = PBXGroup;
			children = (
				EA21A5C52EE9B51600D83464 /* ChatBubble.swift */,
				EA21A5C62EE9B51600D83464 /* ChatView.swift */,
				EA21A5C72EE9B51600D83464 /* MessagesListView.swift */,
			);
			path = Messages;
			sourceTree = "<group>";
		};
		EA21A5CE2EE9B51600D83464 /* Profile */ = {
			isa = PBXGroup;
			children = (
				EA21A5C92EE9B51600D83464 /* LoginView.swift */,
				EA21A5CA2EE9B51600D83464 /* ProfileLoggedInView.swift */,
				EA21A5CB2EE9B51600D83464 /* ProfileLoggedOutView.swift */,
				EA21A5CC2EE9B51600D83464 /* ProfileView.swift */,
				EA21A5CD2EE9B51600D83464 /* RegisterView.swift */,
			);
			path = Profile;
			sourceTree = "<group>";
		};
		EA21A5D02EE9B51600D83464 /* Views */ = {
			isa = PBXGroup;
			children = (
				EAA51B2A2EEAC22000296924 /* ContentViewFireBase.swift */,
				EA21A5C02EE9B51600D83464 /* Creates */,
				EA21A5C42EE9B51600D83464 /* Main */,
				EA21A5C82EE9B51600D83464 /* Messages */,
				EA21A5CE2EE9B51600D83464 /* Profile */,
			);
			path = Views;
			sourceTree = "<group>";
		};
		EAA51B262EEAC1EC00296924 /* ViewModel */ = {
			isa = PBXGroup;
			children = (
				EA21A5B82EE9B50800D83464 /* AuthViewModel.swift */,
				EA9C86202EEC6A6200446181 /* TodoViewModel.swift */,
			);
			path = ViewModel;
			sourceTree = "<group>";
		};
		EAE898942EEEE44A00C0C6AD /* Service */ = {
			isa = PBXGroup;
			children = (
				EAE898972EEEE49800C0C6AD /* PostService.swift */,
			);
			path = Service;
			sourceTree = "<group>";
		};
/* End PBXGroup section */

/* Begin PBXNativeTarget section */
		7393DF812EE9AA94009B68C3 /* IOSSocialMedia */ = {
			isa = PBXNativeTarget;
			buildConfigurationList = 7393DFA62EE9AA97009B68C3 /* Build configuration list for PBXNativeTarget "IOSSocialMedia" */;
			buildPhases = (
				7393DF7E2EE9AA94009B68C3 /* Sources */,
				7393DF7F2EE9AA94009B68C3 /* Frameworks */,
				7393DF802EE9AA94009B68C3 /* Resources */,
			);
			buildRules = (
			);
			dependencies = (
			);
			name = IOSSocialMedia;
			packageProductDependencies = (
				EA609BA12EEC3CFB00552803 /* FirebaseAuth */,
				EA609BA32EEC3CFB00552803 /* FirebaseAuthCombine-Community */,
				EA609BA52EEC3CFB00552803 /* FirebaseDatabase */,
				EA609BA72EEC3CFB00552803 /* FirebaseDatabaseSwift */,
				EA609BA92EEC3CFB00552803 /* FirebaseFirestore */,
				EA609BAB2EEC3CFB00552803 /* FirebaseFirestoreCombine-Community */,
				EA609BAD2EEC3CFB00552803 /* FirebaseFirestoreSwift */,
				EA609BAF2EEC3CFB00552803 /* FirebaseFunctions */,
				EA609BB12EEC3CFB00552803 /* FirebaseFunctionsCombine-Community */,
				EA609BB32EEC3CFB00552803 /* FirebaseMessaging */,
				EA609BB52EEC3CFB00552803 /* FirebasePerformance */,
				EA609BB72EEC3CFB00552803 /* FirebaseStorage */,
				EA609BB92EEC3CFB00552803 /* FirebaseStorageCombine-Community */,
			);
			productName = IOSSocialMedia;
			productReference = 7393DF822EE9AA94009B68C3 /* IOSSocialMedia.app */;
			productType = "com.apple.product-type.application";
		};
		7393DF912EE9AA96009B68C3 /* IOSSocialMediaTests */ = {
			isa = PBXNativeTarget;
			buildConfigurationList = 7393DFA92EE9AA97009B68C3 /* Build configuration list for PBXNativeTarget "IOSSocialMediaTests" */;
			buildPhases = (
				7393DF8E2EE9AA96009B68C3 /* Sources */,
				7393DF8F2EE9AA96009B68C3 /* Frameworks */,
				7393DF902EE9AA96009B68C3 /* Resources */,
			);
			buildRules = (
			);
			dependencies = (
				7393DF942EE9AA96009B68C3 /* PBXTargetDependency */,
			);
			name = IOSSocialMediaTests;
			productName = IOSSocialMediaTests;
			productReference = 7393DF922EE9AA96009B68C3 /* IOSSocialMediaTests.xctest */;
			productType = "com.apple.product-type.bundle.unit-test";
		};
		7393DF9B2EE9AA97009B68C3 /* IOSSocialMediaUITests */ = {
			isa = PBXNativeTarget;
			buildConfigurationList = 7393DFAC2EE9AA97009B68C3 /* Build configuration list for PBXNativeTarget "IOSSocialMediaUITests" */;
			buildPhases = (
				7393DF982EE9AA97009B68C3 /* Sources */,
				7393DF992EE9AA97009B68C3 /* Frameworks */,
				7393DF9A2EE9AA97009B68C3 /* Resources */,
			);
			buildRules = (
			);
			dependencies = (
				7393DF9E2EE9AA97009B68C3 /* PBXTargetDependency */,
			);
			name = IOSSocialMediaUITests;
			productName = IOSSocialMediaUITests;
			productReference = 7393DF9C2EE9AA97009B68C3 /* IOSSocialMediaUITests.xctest */;
			productType = "com.apple.product-type.bundle.ui-testing";
		};
/* End PBXNativeTarget section */

/* Begin PBXProject section */
		7393DF7A2EE9AA94009B68C3 /* Project object */ = {
			isa = PBXProject;
			attributes = {
				BuildIndependentTargetsInParallel = 1;
				LastSwiftUpdateCheck = 1340;
				LastUpgradeCheck = 1540;
				TargetAttributes = {
					7393DF812EE9AA94009B68C3 = {
						CreatedOnToolsVersion = 13.4.1;
					};
					7393DF912EE9AA96009B68C3 = {
						CreatedOnToolsVersion = 13.4.1;
						TestTargetID = 7393DF812EE9AA94009B68C3;
					};
					7393DF9B2EE9AA97009B68C3 = {
						CreatedOnToolsVersion = 13.4.1;
						TestTargetID = 7393DF812EE9AA94009B68C3;
					};
				};
			};
			buildConfigurationList = 7393DF7D2EE9AA94009B68C3 /* Build configuration list for PBXProject "IOSSocialMedia" */;
			compatibilityVersion = "Xcode 12.0";
			developmentRegion = en;
			hasScannedForEncodings = 0;
			knownRegions = (
				en,
				Base,
			);
			mainGroup = 7393DF792EE9AA94009B68C3;
			packageReferences = (
				EA609BA02EEC3CFB00552803 /* XCRemoteSwiftPackageReference "firebase-ios-sdk" */,
			);
			productRefGroup = 7393DF832EE9AA94009B68C3 /* Products */;
			projectDirPath = "";
			projectRoot = "";
			targets = (
				7393DF812EE9AA94009B68C3 /* IOSSocialMedia */,
				7393DF912EE9AA96009B68C3 /* IOSSocialMediaTests */,
				7393DF9B2EE9AA97009B68C3 /* IOSSocialMediaUITests */,
			);
		};
/* End PBXProject section */

/* Begin PBXResourcesBuildPhase section */
		7393DF802EE9AA94009B68C3 /* Resources */ = {
			isa = PBXResourcesBuildPhase;
			buildActionMask = 2147483647;
			files = (
				A00C2A262EED1034003AF12D /* .gitignore in Resources */,
				7393DF8D2EE9AA96009B68C3 /* Preview Assets.xcassets in Resources */,
				7393DF8A2EE9AA96009B68C3 /* Assets.xcassets in Resources */,
				EAB7C2582EEA69B700BF5D4A /* GoogleService-Info.plist in Resources */,
			);
			runOnlyForDeploymentPostprocessing = 0;
		};
		7393DF902EE9AA96009B68C3 /* Resources */ = {
			isa = PBXResourcesBuildPhase;
			buildActionMask = 2147483647;
			files = (
			);
			runOnlyForDeploymentPostprocessing = 0;
		};
		7393DF9A2EE9AA97009B68C3 /* Resources */ = {
			isa = PBXResourcesBuildPhase;
			buildActionMask = 2147483647;
			files = (
			);
			runOnlyForDeploymentPostprocessing = 0;
		};
/* End PBXResourcesBuildPhase section */

/* Begin PBXSourcesBuildPhase section */
		7393DF7E2EE9AA94009B68C3 /* Sources */ = {
			isa = PBXSourcesBuildPhase;
			buildActionMask = 2147483647;
			files = (
				EA21A5D12EE9B51600D83464 /* HomeView.swift in Sources */,
				EA21A5D22EE9B51600D83464 /* ProfileView.swift in Sources */,
				EA21A5D42EE9B51600D83464 /* ProfileLoggedInView.swift in Sources */,
				EA21A5D52EE9B51600D83464 /* MessagesListView.swift in Sources */,
				EA21A5D62EE9B51600D83464 /* ProfileLoggedOutView.swift in Sources */,
				EA21A5D72EE9B51600D83464 /* ChatView.swift in Sources */,
				EA21A5D82EE9B51600D83464 /* LoginView.swift in Sources */,
				EA21A5D92EE9B51600D83464 /* CreateView.swift in Sources */,
				A02E99B72EF0313E00679C03 /* User.swift in Sources */,
				EA9C86212EEC6A6200446181 /* TodoViewModel.swift in Sources */,
				EA21A5DA2EE9B51600D83464 /* RegisterView.swift in Sources */,
				EAA51B2B2EEAC22800296924 /* ContentViewFireBase.swift in Sources */,
				EA21A5DB2EE9B51600D83464 /* ChatBubble.swift in Sources */,
				EA21A5DE2EE9B91900D83464 /* MainTabView.swift in Sources */,
				EAA51B252EEAC15900296924 /* TodoItem.swift in Sources */,
				EAE8989E2EEEEB0B00C0C6AD /* FireBaseModel.swift in Sources */,
				7393DF882EE9AA94009B68C3 /* ContentView.swift in Sources */,
				EAE898982EEEE49800C0C6AD /* PostService.swift in Sources */,
				7393DF862EE9AA94009B68C3 /* IOSSocialMediaApp.swift in Sources */,
				EA21A5BC2EE9B50800D83464 /* AuthViewModel.swift in Sources */,
				EA21A5BD2EE9B50800D83464 /* ImagePicker.swift in Sources */,
				EA21A5BE2EE9B50800D83464 /* ChatModels.swift in Sources */,
			);
			runOnlyForDeploymentPostprocessing = 0;
		};
		7393DF8E2EE9AA96009B68C3 /* Sources */ = {
			isa = PBXSourcesBuildPhase;
			buildActionMask = 2147483647;
			files = (
				7393DF972EE9AA96009B68C3 /* IOSSocialMediaTests.swift in Sources */,
			);
			runOnlyForDeploymentPostprocessing = 0;
		};
		7393DF982EE9AA97009B68C3 /* Sources */ = {
			isa = PBXSourcesBuildPhase;
			buildActionMask = 2147483647;
			files = (
				7393DFA32EE9AA97009B68C3 /* IOSSocialMediaUITestsLaunchTests.swift in Sources */,
				7393DFA12EE9AA97009B68C3 /* IOSSocialMediaUITests.swift in Sources */,
			);
			runOnlyForDeploymentPostprocessing = 0;
		};
/* End PBXSourcesBuildPhase section */

/* Begin PBXTargetDependency section */
		7393DF942EE9AA96009B68C3 /* PBXTargetDependency */ = {
			isa = PBXTargetDependency;
			target = 7393DF812EE9AA94009B68C3 /* IOSSocialMedia */;
			targetProxy = 7393DF932EE9AA96009B68C3 /* PBXContainerItemProxy */;
		};
		7393DF9E2EE9AA97009B68C3 /* PBXTargetDependency */ = {
			isa = PBXTargetDependency;
			target = 7393DF812EE9AA94009B68C3 /* IOSSocialMedia */;
			targetProxy = 7393DF9D2EE9AA97009B68C3 /* PBXContainerItemProxy */;
		};
/* End PBXTargetDependency section */

/* Begin XCBuildConfiguration section */
		7393DFA42EE9AA97009B68C3 /* Debug */ = {
			isa = XCBuildConfiguration;
			buildSettings = {
				ALWAYS_SEARCH_USER_PATHS = NO;
				CLANG_ANALYZER_NONNULL = YES;
				CLANG_ANALYZER_NUMBER_OBJECT_CONVERSION = YES_AGGRESSIVE;
				CLANG_CXX_LANGUAGE_STANDARD = "gnu++17";
				CLANG_ENABLE_MODULES = YES;
				CLANG_ENABLE_OBJC_ARC = YES;
				CLANG_ENABLE_OBJC_WEAK = YES;
				CLANG_WARN_BLOCK_CAPTURE_AUTORELEASING = YES;
				CLANG_WARN_BOOL_CONVERSION = YES;
				CLANG_WARN_COMMA = YES;
				CLANG_WARN_CONSTANT_CONVERSION = YES;
				CLANG_WARN_DEPRECATED_OBJC_IMPLEMENTATIONS = YES;
				CLANG_WARN_DIRECT_OBJC_ISA_USAGE = YES_ERROR;
				CLANG_WARN_DOCUMENTATION_COMMENTS = YES;
				CLANG_WARN_EMPTY_BODY = YES;
				CLANG_WARN_ENUM_CONVERSION = YES;
				CLANG_WARN_INFINITE_RECURSION = YES;
				CLANG_WARN_INT_CONVERSION = YES;
				CLANG_WARN_NON_LITERAL_NULL_CONVERSION = YES;
				CLANG_WARN_OBJC_IMPLICIT_RETAIN_SELF = YES;
				CLANG_WARN_OBJC_LITERAL_CONVERSION = YES;
				CLANG_WARN_OBJC_ROOT_CLASS = YES_ERROR;
				CLANG_WARN_QUOTED_INCLUDE_IN_FRAMEWORK_HEADER = YES;
				CLANG_WARN_RANGE_LOOP_ANALYSIS = YES;
				CLANG_WARN_STRICT_PROTOTYPES = YES;
				CLANG_WARN_SUSPICIOUS_MOVE = YES;
				CLANG_WARN_UNGUARDED_AVAILABILITY = YES_AGGRESSIVE;
				CLANG_WARN_UNREACHABLE_CODE = YES;
				CLANG_WARN__DUPLICATE_METHOD_MATCH = YES;
				COPY_PHASE_STRIP = NO;
				DEBUG_INFORMATION_FORMAT = dwarf;
				ENABLE_STRICT_OBJC_MSGSEND = YES;
				ENABLE_TESTABILITY = YES;
				ENABLE_USER_SCRIPT_SANDBOXING = YES;
				GCC_C_LANGUAGE_STANDARD = gnu11;
				GCC_DYNAMIC_NO_PIC = NO;
				GCC_NO_COMMON_BLOCKS = YES;
				GCC_OPTIMIZATION_LEVEL = 0;
				GCC_PREPROCESSOR_DEFINITIONS = (
					"DEBUG=1",
					"$(inherited)",
				);
				GCC_WARN_64_TO_32_BIT_CONVERSION = YES;
				GCC_WARN_ABOUT_RETURN_TYPE = YES_ERROR;
				GCC_WARN_UNDECLARED_SELECTOR = YES;
				GCC_WARN_UNINITIALIZED_AUTOS = YES_AGGRESSIVE;
				GCC_WARN_UNUSED_FUNCTION = YES;
				GCC_WARN_UNUSED_VARIABLE = YES;
				IPHONEOS_DEPLOYMENT_TARGET = 15.5;
				MTL_ENABLE_DEBUG_INFO = INCLUDE_SOURCE;
				MTL_FAST_MATH = YES;
				ONLY_ACTIVE_ARCH = YES;
				SDKROOT = iphoneos;
				SWIFT_ACTIVE_COMPILATION_CONDITIONS = DEBUG;
				SWIFT_OPTIMIZATION_LEVEL = "-Onone";
			};
			name = Debug;
		};
		7393DFA52EE9AA97009B68C3 /* Release */ = {
			isa = XCBuildConfiguration;
			buildSettings = {
				ALWAYS_SEARCH_USER_PATHS = NO;
				CLANG_ANALYZER_NONNULL = YES;
				CLANG_ANALYZER_NUMBER_OBJECT_CONVERSION = YES_AGGRESSIVE;
				CLANG_CXX_LANGUAGE_STANDARD = "gnu++17";
				CLANG_ENABLE_MODULES = YES;
				CLANG_ENABLE_OBJC_ARC = YES;
				CLANG_ENABLE_OBJC_WEAK = YES;
				CLANG_WARN_BLOCK_CAPTURE_AUTORELEASING = YES;
				CLANG_WARN_BOOL_CONVERSION = YES;
				CLANG_WARN_COMMA = YES;
				CLANG_WARN_CONSTANT_CONVERSION = YES;
				CLANG_WARN_DEPRECATED_OBJC_IMPLEMENTATIONS = YES;
				CLANG_WARN_DIRECT_OBJC_ISA_USAGE = YES_ERROR;
				CLANG_WARN_DOCUMENTATION_COMMENTS = YES;
				CLANG_WARN_EMPTY_BODY = YES;
				CLANG_WARN_ENUM_CONVERSION = YES;
				CLANG_WARN_INFINITE_RECURSION = YES;
				CLANG_WARN_INT_CONVERSION = YES;
				CLANG_WARN_NON_LITERAL_NULL_CONVERSION = YES;
				CLANG_WARN_OBJC_IMPLICIT_RETAIN_SELF = YES;
				CLANG_WARN_OBJC_LITERAL_CONVERSION = YES;
				CLANG_WARN_OBJC_ROOT_CLASS = YES_ERROR;
				CLANG_WARN_QUOTED_INCLUDE_IN_FRAMEWORK_HEADER = YES;
				CLANG_WARN_RANGE_LOOP_ANALYSIS = YES;
				CLANG_WARN_STRICT_PROTOTYPES = YES;
				CLANG_WARN_SUSPICIOUS_MOVE = YES;
				CLANG_WARN_UNGUARDED_AVAILABILITY = YES_AGGRESSIVE;
				CLANG_WARN_UNREACHABLE_CODE = YES;
				CLANG_WARN__DUPLICATE_METHOD_MATCH = YES;
				COPY_PHASE_STRIP = NO;
				DEBUG_INFORMATION_FORMAT = "dwarf-with-dsym";
				ENABLE_NS_ASSERTIONS = NO;
				ENABLE_STRICT_OBJC_MSGSEND = YES;
				ENABLE_USER_SCRIPT_SANDBOXING = YES;
				GCC_C_LANGUAGE_STANDARD = gnu11;
				GCC_NO_COMMON_BLOCKS = YES;
				GCC_WARN_64_TO_32_BIT_CONVERSION = YES;
				GCC_WARN_ABOUT_RETURN_TYPE = YES_ERROR;
				GCC_WARN_UNDECLARED_SELECTOR = YES;
				GCC_WARN_UNINITIALIZED_AUTOS = YES_AGGRESSIVE;
				GCC_WARN_UNUSED_FUNCTION = YES;
				GCC_WARN_UNUSED_VARIABLE = YES;
				IPHONEOS_DEPLOYMENT_TARGET = 15.5;
				MTL_ENABLE_DEBUG_INFO = NO;
				MTL_FAST_MATH = YES;
				SDKROOT = iphoneos;
				SWIFT_COMPILATION_MODE = wholemodule;
				SWIFT_OPTIMIZATION_LEVEL = "-O";
				VALIDATE_PRODUCT = YES;
			};
			name = Release;
		};
		7393DFA72EE9AA97009B68C3 /* Debug */ = {
			isa = XCBuildConfiguration;
			buildSettings = {
				ASSETCATALOG_COMPILER_APPICON_NAME = AppIcon;
				ASSETCATALOG_COMPILER_GLOBAL_ACCENT_COLOR_NAME = AccentColor;
				CODE_SIGN_STYLE = Automatic;
				CURRENT_PROJECT_VERSION = 1;
				DEVELOPMENT_ASSET_PATHS = "\"IOSSocialMedia/Preview Content\"";
				ENABLE_PREVIEWS = YES;
				GENERATE_INFOPLIST_FILE = YES;
				INFOPLIST_KEY_UIApplicationSceneManifest_Generation = YES;
				INFOPLIST_KEY_UIApplicationSupportsIndirectInputEvents = YES;
				INFOPLIST_KEY_UILaunchScreen_Generation = YES;
				INFOPLIST_KEY_UISupportedInterfaceOrientations_iPad = "UIInterfaceOrientationPortrait UIInterfaceOrientationPortraitUpsideDown UIInterfaceOrientationLandscapeLeft UIInterfaceOrientationLandscapeRight";
				INFOPLIST_KEY_UISupportedInterfaceOrientations_iPhone = "UIInterfaceOrientationPortrait UIInterfaceOrientationLandscapeLeft UIInterfaceOrientationLandscapeRight";
				LD_RUNPATH_SEARCH_PATHS = (
					"$(inherited)",
					"@executable_path/Frameworks",
				);
				MARKETING_VERSION = 1.0;
				PRODUCT_BUNDLE_IDENTIFIER = tdc.edu.vn.IOSSocialMedia;
				PRODUCT_NAME = "$(TARGET_NAME)";
				SWIFT_EMIT_LOC_STRINGS = YES;
				SWIFT_VERSION = 5.0;
				TARGETED_DEVICE_FAMILY = "1,2";
			};
			name = Debug;
		};
		7393DFA82EE9AA97009B68C3 /* Release */ = {
			isa = XCBuildConfiguration;
			buildSettings = {
				ASSETCATALOG_COMPILER_APPICON_NAME = AppIcon;
				ASSETCATALOG_COMPILER_GLOBAL_ACCENT_COLOR_NAME = AccentColor;
				CODE_SIGN_STYLE = Automatic;
				CURRENT_PROJECT_VERSION = 1;
				DEVELOPMENT_ASSET_PATHS = "\"IOSSocialMedia/Preview Content\"";
				ENABLE_PREVIEWS = YES;
				GENERATE_INFOPLIST_FILE = YES;
				INFOPLIST_KEY_UIApplicationSceneManifest_Generation = YES;
				INFOPLIST_KEY_UIApplicationSupportsIndirectInputEvents = YES;
				INFOPLIST_KEY_UILaunchScreen_Generation = YES;
				INFOPLIST_KEY_UISupportedInterfaceOrientations_iPad = "UIInterfaceOrientationPortrait UIInterfaceOrientationPortraitUpsideDown UIInterfaceOrientationLandscapeLeft UIInterfaceOrientationLandscapeRight";
				INFOPLIST_KEY_UISupportedInterfaceOrientations_iPhone = "UIInterfaceOrientationPortrait UIInterfaceOrientationLandscapeLeft UIInterfaceOrientationLandscapeRight";
				LD_RUNPATH_SEARCH_PATHS = (
					"$(inherited)",
					"@executable_path/Frameworks",
				);
				MARKETING_VERSION = 1.0;
				PRODUCT_BUNDLE_IDENTIFIER = tdc.edu.vn.IOSSocialMedia;
				PRODUCT_NAME = "$(TARGET_NAME)";
				SWIFT_EMIT_LOC_STRINGS = YES;
				SWIFT_VERSION = 5.0;
				TARGETED_DEVICE_FAMILY = "1,2";
			};
			name = Release;
		};
		7393DFAA2EE9AA97009B68C3 /* Debug */ = {
			isa = XCBuildConfiguration;
			buildSettings = {
				ALWAYS_EMBED_SWIFT_STANDARD_LIBRARIES = YES;
				BUNDLE_LOADER = "$(TEST_HOST)";
				CODE_SIGN_STYLE = Automatic;
				CURRENT_PROJECT_VERSION = 1;
				GENERATE_INFOPLIST_FILE = YES;
				IPHONEOS_DEPLOYMENT_TARGET = 15.5;
				MARKETING_VERSION = 1.0;
				PRODUCT_BUNDLE_IDENTIFIER = tdc.edu.vn.IOSSocialMediaTests;
				PRODUCT_NAME = "$(TARGET_NAME)";
				SWIFT_EMIT_LOC_STRINGS = NO;
				SWIFT_VERSION = 5.0;
				TARGETED_DEVICE_FAMILY = "1,2";
				TEST_HOST = "$(BUILT_PRODUCTS_DIR)/IOSSocialMedia.app/IOSSocialMedia";
			};
			name = Debug;
		};
		7393DFAB2EE9AA97009B68C3 /* Release */ = {
			isa = XCBuildConfiguration;
			buildSettings = {
				ALWAYS_EMBED_SWIFT_STANDARD_LIBRARIES = YES;
				BUNDLE_LOADER = "$(TEST_HOST)";
				CODE_SIGN_STYLE = Automatic;
				CURRENT_PROJECT_VERSION = 1;
				GENERATE_INFOPLIST_FILE = YES;
				IPHONEOS_DEPLOYMENT_TARGET = 15.5;
				MARKETING_VERSION = 1.0;
				PRODUCT_BUNDLE_IDENTIFIER = tdc.edu.vn.IOSSocialMediaTests;
				PRODUCT_NAME = "$(TARGET_NAME)";
				SWIFT_EMIT_LOC_STRINGS = NO;
				SWIFT_VERSION = 5.0;
				TARGETED_DEVICE_FAMILY = "1,2";
				TEST_HOST = "$(BUILT_PRODUCTS_DIR)/IOSSocialMedia.app/IOSSocialMedia";
			};
			name = Release;
		};
		7393DFAD2EE9AA97009B68C3 /* Debug */ = {
			isa = XCBuildConfiguration;
			buildSettings = {
				ALWAYS_EMBED_SWIFT_STANDARD_LIBRARIES = YES;
				CODE_SIGN_STYLE = Automatic;
				CURRENT_PROJECT_VERSION = 1;
				GENERATE_INFOPLIST_FILE = YES;
				MARKETING_VERSION = 1.0;
				PRODUCT_BUNDLE_IDENTIFIER = tdc.edu.vn.IOSSocialMediaUITests;
				PRODUCT_NAME = "$(TARGET_NAME)";
				SWIFT_EMIT_LOC_STRINGS = NO;
				SWIFT_VERSION = 5.0;
				TARGETED_DEVICE_FAMILY = "1,2";
				TEST_TARGET_NAME = IOSSocialMedia;
			};
			name = Debug;
		};
		7393DFAE2EE9AA97009B68C3 /* Release */ = {
			isa = XCBuildConfiguration;
			buildSettings = {
				ALWAYS_EMBED_SWIFT_STANDARD_LIBRARIES = YES;
				CODE_SIGN_STYLE = Automatic;
				CURRENT_PROJECT_VERSION = 1;
				GENERATE_INFOPLIST_FILE = YES;
				MARKETING_VERSION = 1.0;
				PRODUCT_BUNDLE_IDENTIFIER = tdc.edu.vn.IOSSocialMediaUITests;
				PRODUCT_NAME = "$(TARGET_NAME)";
				SWIFT_EMIT_LOC_STRINGS = NO;
				SWIFT_VERSION = 5.0;
				TARGETED_DEVICE_FAMILY = "1,2";
				TEST_TARGET_NAME = IOSSocialMedia;
			};
			name = Release;
		};
/* End XCBuildConfiguration section */

/* Begin XCConfigurationList section */
		7393DF7D2EE9AA94009B68C3 /* Build configuration list for PBXProject "IOSSocialMedia" */ = {
			isa = XCConfigurationList;
			buildConfigurations = (
				7393DFA42EE9AA97009B68C3 /* Debug */,
				7393DFA52EE9AA97009B68C3 /* Release */,
			);
			defaultConfigurationIsVisible = 0;
			defaultConfigurationName = Release;
		};
		7393DFA62EE9AA97009B68C3 /* Build configuration list for PBXNativeTarget "IOSSocialMedia" */ = {
			isa = XCConfigurationList;
			buildConfigurations = (
				7393DFA72EE9AA97009B68C3 /* Debug */,
				7393DFA82EE9AA97009B68C3 /* Release */,
			);
			defaultConfigurationIsVisible = 0;
			defaultConfigurationName = Release;
		};
		7393DFA92EE9AA97009B68C3 /* Build configuration list for PBXNativeTarget "IOSSocialMediaTests" */ = {
			isa = XCConfigurationList;
			buildConfigurations = (
				7393DFAA2EE9AA97009B68C3 /* Debug */,
				7393DFAB2EE9AA97009B68C3 /* Release */,
			);
			defaultConfigurationIsVisible = 0;
			defaultConfigurationName = Release;
		};
		7393DFAC2EE9AA97009B68C3 /* Build configuration list for PBXNativeTarget "IOSSocialMediaUITests" */ = {
			isa = XCConfigurationList;
			buildConfigurations = (
				7393DFAD2EE9AA97009B68C3 /* Debug */,
				7393DFAE2EE9AA97009B68C3 /* Release */,
			);
			defaultConfigurationIsVisible = 0;
			defaultConfigurationName = Release;
		};
/* End XCConfigurationList section */

/* Begin XCRemoteSwiftPackageReference section */
		EA609BA02EEC3CFB00552803 /* XCRemoteSwiftPackageReference "firebase-ios-sdk" */ = {
			isa = XCRemoteSwiftPackageReference;
			repositoryURL = "https://github.com/firebase/firebase-ios-sdk";
			requirement = {
				kind = exactVersion;
				version = 10.10.0;
			};
		};
/* End XCRemoteSwiftPackageReference section */

/* Begin XCSwiftPackageProductDependency section */
		EA609BA12EEC3CFB00552803 /* FirebaseAuth */ = {
			isa = XCSwiftPackageProductDependency;
			package = EA609BA02EEC3CFB00552803 /* XCRemoteSwiftPackageReference "firebase-ios-sdk" */;
			productName = FirebaseAuth;
		};
		EA609BA32EEC3CFB00552803 /* FirebaseAuthCombine-Community */ = {
			isa = XCSwiftPackageProductDependency;
			package = EA609BA02EEC3CFB00552803 /* XCRemoteSwiftPackageReference "firebase-ios-sdk" */;
			productName = "FirebaseAuthCombine-Community";
		};
		EA609BA52EEC3CFB00552803 /* FirebaseDatabase */ = {
			isa = XCSwiftPackageProductDependency;
			package = EA609BA02EEC3CFB00552803 /* XCRemoteSwiftPackageReference "firebase-ios-sdk" */;
			productName = FirebaseDatabase;
		};
		EA609BA72EEC3CFB00552803 /* FirebaseDatabaseSwift */ = {
			isa = XCSwiftPackageProductDependency;
			package = EA609BA02EEC3CFB00552803 /* XCRemoteSwiftPackageReference "firebase-ios-sdk" */;
			productName = FirebaseDatabaseSwift;
		};
		EA609BA92EEC3CFB00552803 /* FirebaseFirestore */ = {
			isa = XCSwiftPackageProductDependency;
			package = EA609BA02EEC3CFB00552803 /* XCRemoteSwiftPackageReference "firebase-ios-sdk" */;
			productName = FirebaseFirestore;
		};
		EA609BAB2EEC3CFB00552803 /* FirebaseFirestoreCombine-Community */ = {
			isa = XCSwiftPackageProductDependency;
			package = EA609BA02EEC3CFB00552803 /* XCRemoteSwiftPackageReference "firebase-ios-sdk" */;
			productName = "FirebaseFirestoreCombine-Community";
		};
		EA609BAD2EEC3CFB00552803 /* FirebaseFirestoreSwift */ = {
			isa = XCSwiftPackageProductDependency;
			package = EA609BA02EEC3CFB00552803 /* XCRemoteSwiftPackageReference "firebase-ios-sdk" */;
			productName = FirebaseFirestoreSwift;
		};
		EA609BAF2EEC3CFB00552803 /* FirebaseFunctions */ = {
			isa = XCSwiftPackageProductDependency;
			package = EA609BA02EEC3CFB00552803 /* XCRemoteSwiftPackageReference "firebase-ios-sdk" */;
			productName = FirebaseFunctions;
		};
		EA609BB12EEC3CFB00552803 /* FirebaseFunctionsCombine-Community */ = {
			isa = XCSwiftPackageProductDependency;
			package = EA609BA02EEC3CFB00552803 /* XCRemoteSwiftPackageReference "firebase-ios-sdk" */;
			productName = "FirebaseFunctionsCombine-Community";
		};
		EA609BB32EEC3CFB00552803 /* FirebaseMessaging */ = {
			isa = XCSwiftPackageProductDependency;
			package = EA609BA02EEC3CFB00552803 /* XCRemoteSwiftPackageReference "firebase-ios-sdk" */;
			productName = FirebaseMessaging;
		};
		EA609BB52EEC3CFB00552803 /* FirebasePerformance */ = {
			isa = XCSwiftPackageProductDependency;
			package = EA609BA02EEC3CFB00552803 /* XCRemoteSwiftPackageReference "firebase-ios-sdk" */;
			productName = FirebasePerformance;
		};
		EA609BB72EEC3CFB00552803 /* FirebaseStorage */ = {
			isa = XCSwiftPackageProductDependency;
			package = EA609BA02EEC3CFB00552803 /* XCRemoteSwiftPackageReference "firebase-ios-sdk" */;
			productName = FirebaseStorage;
		};
		EA609BB92EEC3CFB00552803 /* FirebaseStorageCombine-Community */ = {
			isa = XCSwiftPackageProductDependency;
			package = EA609BA02EEC3CFB00552803 /* XCRemoteSwiftPackageReference "firebase-ios-sdk" */;
			productName = "FirebaseStorageCombine-Community";
		};
/* End XCSwiftPackageProductDependency section */
	};
	rootObject = 7393DF7A2EE9AA94009B68C3 /* Project object */;
}
